
Microsoft Visual Studio Solution File, Format Version 12.00
# Visual Studio Version 17
VisualStudioVersion = 17.4.33122.133
MinimumVisualStudioVersion = 10.0.40219.1
Project("{FAE04EC0-301F-11D3-BF4B-00C04F79EFBC}") = "TaskMaster", "TaskMaster\TaskMaster.csproj", "{B3A2275A-81AE-4179-BF31-6ADEA92F8D89}"
EndProject
Global
	GlobalSection(SolutionConfigurationPlatforms) = preSolution
		Debug|Any CPU = Debug|Any CPU
		Release|Any CPU = Release|Any CPU
	EndGlobalSection
	GlobalSection(ProjectConfigurationPlatforms) = postSolution
		{B3A2275A-81AE-4179-BF31-6ADEA92F8D89}.Debug|Any CPU.ActiveCfg = Debug|Any CPU
		{B3A2275A-81AE-4179-BF31-6ADEA92F8D89}.Debug|Any CPU.Build.0 = Debug|Any CPU
		{B3A2275A-81AE-4179-BF31-6ADEA92F8D89}.Release|Any CPU.ActiveCfg = Release|Any CPU
		{B3A2275A-81AE-4179-BF31-6ADEA92F8D89}.Release|Any CPU.Build.0 = Release|Any CPU
	EndGlobalSection
	GlobalSection(SolutionProperties) = preSolution
		HideSolutionNode = FALSE
	EndGlobalSection
	GlobalSection(ExtensibilityGlobals) = postSolution
		SolutionGuid = {6146DC74-4AE3-4421-A89E-A6D7D63C1128}
	EndGlobalSection
EndGlobal
