// !$*UTF8*$!
{
	archiveVersion = 1;
	classes = {
	};
	objectVersion = 56;
	objects = {

/* Begin PBXBuildFile section */
		030484182B270936001756A1 /* TaskItemCell.swift in Sources */ = {isa = PBXBuildFile; fileRef = 030484172B270936001756A1 /* TaskItemCell.swift */; };
		0304841B2B2709B5001756A1 /* SeverityLevelLabel.swift in Sources */ = {isa = PBXBuildFile; fileRef = 0304841A2B2709B5001756A1 /* SeverityLevelLabel.swift */; };
		0304841E2B270A31001756A1 /* SeverityLevel.swift in Sources */ = {isa = PBXBuildFile; fileRef = 0304841D2B270A31001756A1 /* SeverityLevel.swift */; };
		030484202B270ABF001756A1 /* PriorityLevelLabel.swift in Sources */ = {isa = PBXBuildFile; fileRef = 0304841F2B270ABF001756A1 /* PriorityLevelLabel.swift */; };
		030484222B270AF7001756A1 /* PriorityLevel.swift in Sources */ = {isa = PBXBuildFile; fileRef = 030484212B270AF7001756A1 /* PriorityLevel.swift */; };
		030484242B270B78001756A1 /* IssueReportCell.swift in Sources */ = {isa = PBXBuildFile; fileRef = 030484232B270B78001756A1 /* IssueReportCell.swift */; };
		030484272B270C67001756A1 /* ColorUtility.swift in Sources */ = {isa = PBXBuildFile; fileRef = 030484262B270C67001756A1 /* ColorUtility.swift */; };
		030484292B270CF7001756A1 /* BugReportCell.swift in Sources */ = {isa = PBXBuildFile; fileRef = 030484282B270CF7001756A1 /* BugReportCell.swift */; };
		0304842B2B270E04001756A1 /* ProjectCell.swift in Sources */ = {isa = PBXBuildFile; fileRef = 0304842A2B270E04001756A1 /* ProjectCell.swift */; };
		0304842D2B270E90001756A1 /* ProjectsList.swift in Sources */ = {isa = PBXBuildFile; fileRef = 0304842C2B270E90001756A1 /* ProjectsList.swift */; };
		0304842F2B270F02001756A1 /* ProjectItemsList.swift in Sources */ = {isa = PBXBuildFile; fileRef = 0304842E2B270F02001756A1 /* ProjectItemsList.swift */; };
		030484312B270FA4001756A1 /* TestCaseCell.swift in Sources */ = {isa = PBXBuildFile; fileRef = 030484302B270FA4001756A1 /* TestCaseCell.swift */; };
		031224CE2B274F8F00887725 /* TestCaseDetailsScreen.swift in Sources */ = {isa = PBXBuildFile; fileRef = 031224CD2B274F8F00887725 /* TestCaseDetailsScreen.swift */; };
		031224D02B274FF900887725 /* EditTestCaseScreen.swift in Sources */ = {isa = PBXBuildFile; fileRef = 031224CF2B274FF900887725 /* EditTestCaseScreen.swift */; };
		031224D22B27504D00887725 /* CreateTestCaseScreen.swift in Sources */ = {isa = PBXBuildFile; fileRef = 031224D12B27504D00887725 /* CreateTestCaseScreen.swift */; };
		031224D42B27547700887725 /* TaskItemDetailsScreen.swift in Sources */ = {isa = PBXBuildFile; fileRef = 031224D32B27547700887725 /* TaskItemDetailsScreen.swift */; };
		031224D82B2758EB00887725 /* ProjectDetailsScreen.swift in Sources */ = {isa = PBXBuildFile; fileRef = 031224D72B2758EB00887725 /* ProjectDetailsScreen.swift */; };
		031224DA2B275C0200887725 /* CreateProjectScreenFile.swift in Sources */ = {isa = PBXBuildFile; fileRef = 031224D92B275C0200887725 /* CreateProjectScreenFile.swift */; };
		031224DC2B27633E00887725 /* EditProjectScreen.swift in Sources */ = {isa = PBXBuildFile; fileRef = 031224DB2B27633E00887725 /* EditProjectScreen.swift */; };
		031224DE2B27914E00887725 /* APIRequestService.swift in Sources */ = {isa = PBXBuildFile; fileRef = 031224DD2B27914E00887725 /* APIRequestService.swift */; };
		034718732B20A238009A0EFA /* TaskMasterApp.swift in Sources */ = {isa = PBXBuildFile; fileRef = 034718722B20A238009A0EFA /* TaskMasterApp.swift */; };
		034718752B20A238009A0EFA /* ContentView.swift in Sources */ = {isa = PBXBuildFile; fileRef = 034718742B20A238009A0EFA /* ContentView.swift */; };
		034718792B20A239009A0EFA /* Assets.xcassets in Resources */ = {isa = PBXBuildFile; fileRef = 034718782B20A239009A0EFA /* Assets.xcassets */; };
		0347187D2B20A239009A0EFA /* Preview Assets.xcassets in Resources */ = {isa = PBXBuildFile; fileRef = 0347187C2B20A239009A0EFA /* Preview Assets.xcassets */; };
		03C4809D2B20A5D600EE1FBF /* KeychainManager.swift in Sources */ = {isa = PBXBuildFile; fileRef = 03C4808E2B20A5D600EE1FBF /* KeychainManager.swift */; };
		03C480BD2B20AD1100EE1FBF /* User.swift in Sources */ = {isa = PBXBuildFile; fileRef = 03C480B72B20AD1100EE1FBF /* User.swift */; };
		03C480BE2B20AD1100EE1FBF /* IssueReport.swift in Sources */ = {isa = PBXBuildFile; fileRef = 03C480B82B20AD1100EE1FBF /* IssueReport.swift */; };
		03C480BF2B20AD1100EE1FBF /* TestCase.swift in Sources */ = {isa = PBXBuildFile; fileRef = 03C480B92B20AD1100EE1FBF /* TestCase.swift */; };
		03C480C02B20AD1100EE1FBF /* BugReport.swift in Sources */ = {isa = PBXBuildFile; fileRef = 03C480BA2B20AD1100EE1FBF /* BugReport.swift */; };
		03C480C12B20AD1100EE1FBF /* Project.swift in Sources */ = {isa = PBXBuildFile; fileRef = 03C480BB2B20AD1100EE1FBF /* Project.swift */; };
		03C480C22B20AD1100EE1FBF /* TaskItem.swift in Sources */ = {isa = PBXBuildFile; fileRef = 03C480BC2B20AD1100EE1FBF /* TaskItem.swift */; };
/* End PBXBuildFile section */

/* Begin PBXFileReference section */
		030484172B270936001756A1 /* TaskItemCell.swift */ = {isa = PBXFileReference; lastKnownFileType = sourcecode.swift; path = TaskItemCell.swift; sourceTree = "<group>"; };
		0304841A2B2709B5001756A1 /* SeverityLevelLabel.swift */ = {isa = PBXFileReference; lastKnownFileType = sourcecode.swift; path = SeverityLevelLabel.swift; sourceTree = "<group>"; };
		0304841D2B270A31001756A1 /* SeverityLevel.swift */ = {isa = PBXFileReference; lastKnownFileType = sourcecode.swift; path = SeverityLevel.swift; sourceTree = "<group>"; };
		0304841F2B270ABF001756A1 /* PriorityLevelLabel.swift */ = {isa = PBXFileReference; lastKnownFileType = sourcecode.swift; path = PriorityLevelLabel.swift; sourceTree = "<group>"; };
		030484212B270AF7001756A1 /* PriorityLevel.swift */ = {isa = PBXFileReference; lastKnownFileType = sourcecode.swift; path = PriorityLevel.swift; sourceTree = "<group>"; };
		030484232B270B78001756A1 /* IssueReportCell.swift */ = {isa = PBXFileReference; lastKnownFileType = sourcecode.swift; path = IssueReportCell.swift; sourceTree = "<group>"; };
		030484262B270C67001756A1 /* ColorUtility.swift */ = {isa = PBXFileReference; lastKnownFileType = sourcecode.swift; path = ColorUtility.swift; sourceTree = "<group>"; };
		030484282B270CF7001756A1 /* BugReportCell.swift */ = {isa = PBXFileReference; lastKnownFileType = sourcecode.swift; path = BugReportCell.swift; sourceTree = "<group>"; };
		0304842A2B270E04001756A1 /* ProjectCell.swift */ = {isa = PBXFileReference; lastKnownFileType = sourcecode.swift; path = ProjectCell.swift; sourceTree = "<group>"; };
		0304842C2B270E90001756A1 /* ProjectsList.swift */ = {isa = PBXFileReference; lastKnownFileType = sourcecode.swift; path = ProjectsList.swift; sourceTree = "<group>"; };
		0304842E2B270F02001756A1 /* ProjectItemsList.swift */ = {isa = PBXFileReference; lastKnownFileType = sourcecode.swift; path = ProjectItemsList.swift; sourceTree = "<group>"; };
		030484302B270FA4001756A1 /* TestCaseCell.swift */ = {isa = PBXFileReference; lastKnownFileType = sourcecode.swift; path = TestCaseCell.swift; sourceTree = "<group>"; };
		031224CD2B274F8F00887725 /* TestCaseDetailsScreen.swift */ = {isa = PBXFileReference; lastKnownFileType = sourcecode.swift; path = TestCaseDetailsScreen.swift; sourceTree = "<group>"; };
		031224CF2B274FF900887725 /* EditTestCaseScreen.swift */ = {isa = PBXFileReference; lastKnownFileType = sourcecode.swift; path = EditTestCaseScreen.swift; sourceTree = "<group>"; };
		031224D12B27504D00887725 /* CreateTestCaseScreen.swift */ = {isa = PBXFileReference; lastKnownFileType = sourcecode.swift; path = CreateTestCaseScreen.swift; sourceTree = "<group>"; };
		031224D32B27547700887725 /* TaskItemDetailsScreen.swift */ = {isa = PBXFileReference; lastKnownFileType = sourcecode.swift; path = TaskItemDetailsScreen.swift; sourceTree = "<group>"; };
		031224D72B2758EB00887725 /* ProjectDetailsScreen.swift */ = {isa = PBXFileReference; lastKnownFileType = sourcecode.swift; path = ProjectDetailsScreen.swift; sourceTree = "<group>"; };
		031224D92B275C0200887725 /* CreateProjectScreenFile.swift */ = {isa = PBXFileReference; lastKnownFileType = sourcecode.swift; path = CreateProjectScreenFile.swift; sourceTree = "<group>"; };
		031224DB2B27633E00887725 /* EditProjectScreen.swift */ = {isa = PBXFileReference; lastKnownFileType = sourcecode.swift; path = EditProjectScreen.swift; sourceTree = "<group>"; };
		031224DD2B27914E00887725 /* APIRequestService.swift */ = {isa = PBXFileReference; lastKnownFileType = sourcecode.swift; path = APIRequestService.swift; sourceTree = "<group>"; };
		0347186F2B20A238009A0EFA /* TaskMaster.app */ = {isa = PBXFileReference; explicitFileType = wrapper.application; includeInIndex = 0; path = TaskMaster.app; sourceTree = BUILT_PRODUCTS_DIR; };
		034718722B20A238009A0EFA /* TaskMasterApp.swift */ = {isa = PBXFileReference; lastKnownFileType = sourcecode.swift; path = TaskMasterApp.swift; sourceTree = "<group>"; };
		034718742B20A238009A0EFA /* ContentView.swift */ = {isa = PBXFileReference; lastKnownFileType = sourcecode.swift; path = ContentView.swift; sourceTree = "<group>"; };
		034718782B20A239009A0EFA /* Assets.xcassets */ = {isa = PBXFileReference; lastKnownFileType = folder.assetcatalog; path = Assets.xcassets; sourceTree = "<group>"; };
		0347187A2B20A239009A0EFA /* TaskMaster.entitlements */ = {isa = PBXFileReference; lastKnownFileType = text.plist.entitlements; path = TaskMaster.entitlements; sourceTree = "<group>"; };
		0347187C2B20A239009A0EFA /* Preview Assets.xcassets */ = {isa = PBXFileReference; lastKnownFileType = folder.assetcatalog; path = "Preview Assets.xcassets"; sourceTree = "<group>"; };
		03C4808E2B20A5D600EE1FBF /* KeychainManager.swift */ = {isa = PBXFileReference; fileEncoding = 4; lastKnownFileType = sourcecode.swift; path = KeychainManager.swift; sourceTree = SOURCE_ROOT; };
		03C480B72B20AD1100EE1FBF /* User.swift */ = {isa = PBXFileReference; fileEncoding = 4; lastKnownFileType = sourcecode.swift; path = User.swift; sourceTree = "<group>"; };
		03C480B82B20AD1100EE1FBF /* IssueReport.swift */ = {isa = PBXFileReference; fileEncoding = 4; lastKnownFileType = sourcecode.swift; path = IssueReport.swift; sourceTree = "<group>"; };
		03C480B92B20AD1100EE1FBF /* TestCase.swift */ = {isa = PBXFileReference; fileEncoding = 4; lastKnownFileType = sourcecode.swift; path = TestCase.swift; sourceTree = "<group>"; };
		03C480BA2B20AD1100EE1FBF /* BugReport.swift */ = {isa = PBXFileReference; fileEncoding = 4; lastKnownFileType = sourcecode.swift; path = BugReport.swift; sourceTree = "<group>"; };
		03C480BB2B20AD1100EE1FBF /* Project.swift */ = {isa = PBXFileReference; fileEncoding = 4; lastKnownFileType = sourcecode.swift; path = Project.swift; sourceTree = "<group>"; };
		03C480BC2B20AD1100EE1FBF /* TaskItem.swift */ = {isa = PBXFileReference; fileEncoding = 4; lastKnownFileType = sourcecode.swift; path = TaskItem.swift; sourceTree = "<group>"; };
/* End PBXFileReference section */

/* Begin PBXFrameworksBuildPhase section */
		0347186C2B20A238009A0EFA /* Frameworks */ = {
			isa = PBXFrameworksBuildPhase;
			buildActionMask = 2147483647;
			files = (
			);
			runOnlyForDeploymentPostprocessing = 0;
		};
/* End PBXFrameworksBuildPhase section */

/* Begin PBXGroup section */
		030484142B270853001756A1 /* Components */ = {
			isa = PBXGroup;
			children = (
				030484192B27098D001756A1 /* Labels */,
				030484162B27089C001756A1 /* ListCells */,
				030484152B270870001756A1 /* Lists */,
			);
			path = Components;
			sourceTree = "<group>";
		};
		030484152B270870001756A1 /* Lists */ = {
			isa = PBXGroup;
			children = (
				0304842C2B270E90001756A1 /* ProjectsList.swift */,
				0304842E2B270F02001756A1 /* ProjectItemsList.swift */,
			);
			path = Lists;
			sourceTree = "<group>";
		};
		030484162B27089C001756A1 /* ListCells */ = {
			isa = PBXGroup;
			children = (
				030484172B270936001756A1 /* TaskItemCell.swift */,
				030484232B270B78001756A1 /* IssueReportCell.swift */,
				030484282B270CF7001756A1 /* BugReportCell.swift */,
				0304842A2B270E04001756A1 /* ProjectCell.swift */,
				030484302B270FA4001756A1 /* TestCaseCell.swift */,
			);
			path = ListCells;
			sourceTree = "<group>";
		};
		030484192B27098D001756A1 /* Labels */ = {
			isa = PBXGroup;
			children = (
				0304841A2B2709B5001756A1 /* SeverityLevelLabel.swift */,
				0304841F2B270ABF001756A1 /* PriorityLevelLabel.swift */,
			);
			path = Labels;
			sourceTree = "<group>";
		};
		0304841C2B270A1A001756A1 /* Enumerations */ = {
			isa = PBXGroup;
			children = (
				0304841D2B270A31001756A1 /* SeverityLevel.swift */,
				030484212B270AF7001756A1 /* PriorityLevel.swift */,
			);
			path = Enumerations;
			sourceTree = "<group>";
		};
		030484252B270C49001756A1 /* Utilities */ = {
			isa = PBXGroup;
			children = (
				030484262B270C67001756A1 /* ColorUtility.swift */,
				031224DD2B27914E00887725 /* APIRequestService.swift */,
			);
			path = Utilities;
			sourceTree = "<group>";
		};
		034718662B20A238009A0EFA = {
			isa = PBXGroup;
			children = (
				034718712B20A238009A0EFA /* TaskMaster */,
				034718702B20A238009A0EFA /* Products */,
			);
			sourceTree = "<group>";
		};
		034718702B20A238009A0EFA /* Products */ = {
			isa = PBXGroup;
			children = (
				0347186F2B20A238009A0EFA /* TaskMaster.app */,
			);
			name = Products;
			sourceTree = "<group>";
		};
		034718712B20A238009A0EFA /* TaskMaster */ = {
			isa = PBXGroup;
			children = (
				030484252B270C49001756A1 /* Utilities */,
				0304841C2B270A1A001756A1 /* Enumerations */,
				030484142B270853001756A1 /* Components */,
				03C480C32B20BAEE00EE1FBF /* Screens */,
				03C480B62B20AC6F00EE1FBF /* Models */,
				03C4808E2B20A5D600EE1FBF /* KeychainManager.swift */,
				034718722B20A238009A0EFA /* TaskMasterApp.swift */,
				034718742B20A238009A0EFA /* ContentView.swift */,
				034718782B20A239009A0EFA /* Assets.xcassets */,
				0347187A2B20A239009A0EFA /* TaskMaster.entitlements */,
				0347187B2B20A239009A0EFA /* Preview Content */,
			);
			path = TaskMaster;
			sourceTree = "<group>";
		};
		0347187B2B20A239009A0EFA /* Preview Content */ = {
			isa = PBXGroup;
			children = (
				0347187C2B20A239009A0EFA /* Preview Assets.xcassets */,
			);
			path = "Preview Content";
			sourceTree = "<group>";
		};
		03C480B62B20AC6F00EE1FBF /* Models */ = {
			isa = PBXGroup;
			children = (
				03C480BA2B20AD1100EE1FBF /* BugReport.swift */,
				03C480B82B20AD1100EE1FBF /* IssueReport.swift */,
				03C480BB2B20AD1100EE1FBF /* Project.swift */,
				03C480BC2B20AD1100EE1FBF /* TaskItem.swift */,
				03C480B92B20AD1100EE1FBF /* TestCase.swift */,
				03C480B72B20AD1100EE1FBF /* User.swift */,
			);
			path = Models;
			sourceTree = "<group>";
		};
		03C480C32B20BAEE00EE1FBF /* Screens */ = {
			isa = PBXGroup;
			children = (
				031224CD2B274F8F00887725 /* TestCaseDetailsScreen.swift */,
				031224CF2B274FF900887725 /* EditTestCaseScreen.swift */,
				031224D12B27504D00887725 /* CreateTestCaseScreen.swift */,
				031224D32B27547700887725 /* TaskItemDetailsScreen.swift */,
				031224D72B2758EB00887725 /* ProjectDetailsScreen.swift */,
				031224D92B275C0200887725 /* CreateProjectScreenFile.swift */,
				031224DB2B27633E00887725 /* EditProjectScreen.swift */,
			);
			path = Screens;
			sourceTree = "<group>";
		};
/* End PBXGroup section */

/* Begin PBXNativeTarget section */
		0347186E2B20A238009A0EFA /* TaskMaster */ = {
			isa = PBXNativeTarget;
			buildConfigurationList = 034718802B20A239009A0EFA /* Build configuration list for PBXNativeTarget "TaskMaster" */;
			buildPhases = (
				0347186B2B20A238009A0EFA /* Sources */,
				0347186C2B20A238009A0EFA /* Frameworks */,
				0347186D2B20A238009A0EFA /* Resources */,
			);
			buildRules = (
			);
			dependencies = (
			);
			name = TaskMaster;
			productName = TaskMaster;
			productReference = 0347186F2B20A238009A0EFA /* TaskMaster.app */;
			productType = "com.apple.product-type.application";
		};
/* End PBXNativeTarget section */

/* Begin PBXProject section */
		034718672B20A238009A0EFA /* Project object */ = {
			isa = PBXProject;
			attributes = {
				BuildIndependentTargetsInParallel = 1;
				LastSwiftUpdateCheck = 1500;
				LastUpgradeCheck = 1500;
				TargetAttributes = {
					0347186E2B20A238009A0EFA = {
						CreatedOnToolsVersion = 15.0.1;
					};
				};
			};
			buildConfigurationList = 0347186A2B20A238009A0EFA /* Build configuration list for PBXProject "TaskMaster" */;
			compatibilityVersion = "Xcode 14.0";
			developmentRegion = en;
			hasScannedForEncodings = 0;
			knownRegions = (
				en,
				Base,
			);
			mainGroup = 034718662B20A238009A0EFA;
			productRefGroup = 034718702B20A238009A0EFA /* Products */;
			projectDirPath = "";
			projectRoot = "";
			targets = (
				0347186E2B20A238009A0EFA /* TaskMaster */,
			);
		};
/* End PBXProject section */

/* Begin PBXResourcesBuildPhase section */
		0347186D2B20A238009A0EFA /* Resources */ = {
			isa = PBXResourcesBuildPhase;
			buildActionMask = 2147483647;
			files = (
				0347187D2B20A239009A0EFA /* Preview Assets.xcassets in Resources */,
				034718792B20A239009A0EFA /* Assets.xcassets in Resources */,
			);
			runOnlyForDeploymentPostprocessing = 0;
		};
/* End PBXResourcesBuildPhase section */

/* Begin PBXSourcesBuildPhase section */
		0347186B2B20A238009A0EFA /* Sources */ = {
			isa = PBXSourcesBuildPhase;
			buildActionMask = 2147483647;
			files = (
				03C4809D2B20A5D600EE1FBF /* KeychainManager.swift in Sources */,
				031224DC2B27633E00887725 /* EditProjectScreen.swift in Sources */,
				030484242B270B78001756A1 /* IssueReportCell.swift in Sources */,
				030484222B270AF7001756A1 /* PriorityLevel.swift in Sources */,
				0304842F2B270F02001756A1 /* ProjectItemsList.swift in Sources */,
				031224D42B27547700887725 /* TaskItemDetailsScreen.swift in Sources */,
				03C480BD2B20AD1100EE1FBF /* User.swift in Sources */,
				031224D02B274FF900887725 /* EditTestCaseScreen.swift in Sources */,
				030484182B270936001756A1 /* TaskItemCell.swift in Sources */,
				03C480C12B20AD1100EE1FBF /* Project.swift in Sources */,
				03C480BE2B20AD1100EE1FBF /* IssueReport.swift in Sources */,
				0304842B2B270E04001756A1 /* ProjectCell.swift in Sources */,
				03C480C22B20AD1100EE1FBF /* TaskItem.swift in Sources */,
				031224CE2B274F8F00887725 /* TestCaseDetailsScreen.swift in Sources */,
				030484272B270C67001756A1 /* ColorUtility.swift in Sources */,
				034718752B20A238009A0EFA /* ContentView.swift in Sources */,
				031224DA2B275C0200887725 /* CreateProjectScreenFile.swift in Sources */,
				03C480BF2B20AD1100EE1FBF /* TestCase.swift in Sources */,
				03C480C02B20AD1100EE1FBF /* BugReport.swift in Sources */,
				030484312B270FA4001756A1 /* TestCaseCell.swift in Sources */,
				0304841E2B270A31001756A1 /* SeverityLevel.swift in Sources */,
				030484292B270CF7001756A1 /* BugReportCell.swift in Sources */,
				030484202B270ABF001756A1 /* PriorityLevelLabel.swift in Sources */,
				0304841B2B2709B5001756A1 /* SeverityLevelLabel.swift in Sources */,
				031224D82B2758EB00887725 /* ProjectDetailsScreen.swift in Sources */,
				031224D22B27504D00887725 /* CreateTestCaseScreen.swift in Sources */,
				034718732B20A238009A0EFA /* TaskMasterApp.swift in Sources */,
				031224DE2B27914E00887725 /* APIRequestService.swift in Sources */,
				0304842D2B270E90001756A1 /* ProjectsList.swift in Sources */,
			);
			runOnlyForDeploymentPostprocessing = 0;
		};
/* End PBXSourcesBuildPhase section */

/* Begin XCBuildConfiguration section */
		0347187E2B20A239009A0EFA /* Debug */ = {
			isa = XCBuildConfiguration;
			buildSettings = {
				ALWAYS_SEARCH_USER_PATHS = NO;
				ASSETCATALOG_COMPILER_GENERATE_SWIFT_ASSET_SYMBOL_EXTENSIONS = YES;
				CLANG_ANALYZER_NONNULL = YES;
				CLANG_ANALYZER_NUMBER_OBJECT_CONVERSION = YES_AGGRESSIVE;
				CLANG_CXX_LANGUAGE_STANDARD = "gnu++20";
				CLANG_ENABLE_MODULES = YES;
				CLANG_ENABLE_OBJC_ARC = YES;
				CLANG_ENABLE_OBJC_WEAK = YES;
				CLANG_WARN_BLOCK_CAPTURE_AUTORELEASING = YES;
				CLANG_WARN_BOOL_CONVERSION = YES;
				CLANG_WARN_COMMA = YES;
				CLANG_WARN_CONSTANT_CONVERSION = YES;
				CLANG_WARN_DEPRECATED_OBJC_IMPLEMENTATIONS = YES;
				CLANG_WARN_DIRECT_OBJC_ISA_USAGE = YES_ERROR;
				CLANG_WARN_DOCUMENTATION_COMMENTS = YES;
				CLANG_WARN_EMPTY_BODY = YES;
				CLANG_WARN_ENUM_CONVERSION = YES;
				CLANG_WARN_INFINITE_RECURSION = YES;
				CLANG_WARN_INT_CONVERSION = YES;
				CLANG_WARN_NON_LITERAL_NULL_CONVERSION = YES;
				CLANG_WARN_OBJC_IMPLICIT_RETAIN_SELF = YES;
				CLANG_WARN_OBJC_LITERAL_CONVERSION = YES;
				CLANG_WARN_OBJC_ROOT_CLASS = YES_ERROR;
				CLANG_WARN_QUOTED_INCLUDE_IN_FRAMEWORK_HEADER = YES;
				CLANG_WARN_RANGE_LOOP_ANALYSIS = YES;
				CLANG_WARN_STRICT_PROTOTYPES = YES;
				CLANG_WARN_SUSPICIOUS_MOVE = YES;
				CLANG_WARN_UNGUARDED_AVAILABILITY = YES_AGGRESSIVE;
				CLANG_WARN_UNREACHABLE_CODE = YES;
				CLANG_WARN__DUPLICATE_METHOD_MATCH = YES;
				COPY_PHASE_STRIP = NO;
				DEBUG_INFORMATION_FORMAT = dwarf;
				ENABLE_STRICT_OBJC_MSGSEND = YES;
				ENABLE_TESTABILITY = YES;
				ENABLE_USER_SCRIPT_SANDBOXING = YES;
				GCC_C_LANGUAGE_STANDARD = gnu17;
				GCC_DYNAMIC_NO_PIC = NO;
				GCC_NO_COMMON_BLOCKS = YES;
				GCC_OPTIMIZATION_LEVEL = 0;
				GCC_PREPROCESSOR_DEFINITIONS = (
					"DEBUG=1",
					"$(inherited)",
				);
				GCC_WARN_64_TO_32_BIT_CONVERSION = YES;
				GCC_WARN_ABOUT_RETURN_TYPE = YES_ERROR;
				GCC_WARN_UNDECLARED_SELECTOR = YES;
				GCC_WARN_UNINITIALIZED_AUTOS = YES_AGGRESSIVE;
				GCC_WARN_UNUSED_FUNCTION = YES;
				GCC_WARN_UNUSED_VARIABLE = YES;
				LOCALIZATION_PREFERS_STRING_CATALOGS = YES;
				MTL_ENABLE_DEBUG_INFO = INCLUDE_SOURCE;
				MTL_FAST_MATH = YES;
				ONLY_ACTIVE_ARCH = YES;
				SWIFT_ACTIVE_COMPILATION_CONDITIONS = "DEBUG $(inherited)";
				SWIFT_OPTIMIZATION_LEVEL = "-Onone";
			};
			name = Debug;
		};
		0347187F2B20A239009A0EFA /* Release */ = {
			isa = XCBuildConfiguration;
			buildSettings = {
				ALWAYS_SEARCH_USER_PATHS = NO;
				ASSETCATALOG_COMPILER_GENERATE_SWIFT_ASSET_SYMBOL_EXTENSIONS = YES;
				CLANG_ANALYZER_NONNULL = YES;
				CLANG_ANALYZER_NUMBER_OBJECT_CONVERSION = YES_AGGRESSIVE;
				CLANG_CXX_LANGUAGE_STANDARD = "gnu++20";
				CLANG_ENABLE_MODULES = YES;
				CLANG_ENABLE_OBJC_ARC = YES;
				CLANG_ENABLE_OBJC_WEAK = YES;
				CLANG_WARN_BLOCK_CAPTURE_AUTORELEASING = YES;
				CLANG_WARN_BOOL_CONVERSION = YES;
				CLANG_WARN_COMMA = YES;
				CLANG_WARN_CONSTANT_CONVERSION = YES;
				CLANG_WARN_DEPRECATED_OBJC_IMPLEMENTATIONS = YES;
				CLANG_WARN_DIRECT_OBJC_ISA_USAGE = YES_ERROR;
				CLANG_WARN_DOCUMENTATION_COMMENTS = YES;
				CLANG_WARN_EMPTY_BODY = YES;
				CLANG_WARN_ENUM_CONVERSION = YES;
				CLANG_WARN_INFINITE_RECURSION = YES;
				CLANG_WARN_INT_CONVERSION = YES;
				CLANG_WARN_NON_LITERAL_NULL_CONVERSION = YES;
				CLANG_WARN_OBJC_IMPLICIT_RETAIN_SELF = YES;
				CLANG_WARN_OBJC_LITERAL_CONVERSION = YES;
				CLANG_WARN_OBJC_ROOT_CLASS = YES_ERROR;
				CLANG_WARN_QUOTED_INCLUDE_IN_FRAMEWORK_HEADER = YES;
				CLANG_WARN_RANGE_LOOP_ANALYSIS = YES;
				CLANG_WARN_STRICT_PROTOTYPES = YES;
				CLANG_WARN_SUSPICIOUS_MOVE = YES;
				CLANG_WARN_UNGUARDED_AVAILABILITY = YES_AGGRESSIVE;
				CLANG_WARN_UNREACHABLE_CODE = YES;
				CLANG_WARN__DUPLICATE_METHOD_MATCH = YES;
				COPY_PHASE_STRIP = NO;
				DEBUG_INFORMATION_FORMAT = "dwarf-with-dsym";
				ENABLE_NS_ASSERTIONS = NO;
				ENABLE_STRICT_OBJC_MSGSEND = YES;
				ENABLE_USER_SCRIPT_SANDBOXING = YES;
				GCC_C_LANGUAGE_STANDARD = gnu17;
				GCC_NO_COMMON_BLOCKS = YES;
				GCC_WARN_64_TO_32_BIT_CONVERSION = YES;
				GCC_WARN_ABOUT_RETURN_TYPE = YES_ERROR;
				GCC_WARN_UNDECLARED_SELECTOR = YES;
				GCC_WARN_UNINITIALIZED_AUTOS = YES_AGGRESSIVE;
				GCC_WARN_UNUSED_FUNCTION = YES;
				GCC_WARN_UNUSED_VARIABLE = YES;
				LOCALIZATION_PREFERS_STRING_CATALOGS = YES;
				MTL_ENABLE_DEBUG_INFO = NO;
				MTL_FAST_MATH = YES;
				SWIFT_COMPILATION_MODE = wholemodule;
			};
			name = Release;
		};
		034718812B20A239009A0EFA /* Debug */ = {
			isa = XCBuildConfiguration;
			buildSettings = {
				ASSETCATALOG_COMPILER_APPICON_NAME = AppIcon;
				ASSETCATALOG_COMPILER_GLOBAL_ACCENT_COLOR_NAME = AccentColor;
				CODE_SIGN_ENTITLEMENTS = TaskMaster/TaskMaster.entitlements;
				CODE_SIGN_STYLE = Automatic;
				CURRENT_PROJECT_VERSION = 1;
				DEVELOPMENT_ASSET_PATHS = "\"TaskMaster/Preview Content\"";
				DEVELOPMENT_TEAM = B3NH98QL9A;
				ENABLE_HARDENED_RUNTIME = YES;
				ENABLE_PREVIEWS = YES;
				GENERATE_INFOPLIST_FILE = YES;
				"INFOPLIST_KEY_UIApplicationSceneManifest_Generation[sdk=iphoneos*]" = YES;
				"INFOPLIST_KEY_UIApplicationSceneManifest_Generation[sdk=iphonesimulator*]" = YES;
				"INFOPLIST_KEY_UIApplicationSupportsIndirectInputEvents[sdk=iphoneos*]" = YES;
				"INFOPLIST_KEY_UIApplicationSupportsIndirectInputEvents[sdk=iphonesimulator*]" = YES;
				"INFOPLIST_KEY_UILaunchScreen_Generation[sdk=iphoneos*]" = YES;
				"INFOPLIST_KEY_UILaunchScreen_Generation[sdk=iphonesimulator*]" = YES;
				"INFOPLIST_KEY_UIStatusBarStyle[sdk=iphoneos*]" = UIStatusBarStyleDefault;
				"INFOPLIST_KEY_UIStatusBarStyle[sdk=iphonesimulator*]" = UIStatusBarStyleDefault;
				INFOPLIST_KEY_UISupportedInterfaceOrientations_iPad = "UIInterfaceOrientationPortrait UIInterfaceOrientationPortraitUpsideDown UIInterfaceOrientationLandscapeLeft UIInterfaceOrientationLandscapeRight";
				INFOPLIST_KEY_UISupportedInterfaceOrientations_iPhone = "UIInterfaceOrientationPortrait UIInterfaceOrientationLandscapeLeft UIInterfaceOrientationLandscapeRight";
				IPHONEOS_DEPLOYMENT_TARGET = 17.0;
				LD_RUNPATH_SEARCH_PATHS = "@executable_path/Frameworks";
				"LD_RUNPATH_SEARCH_PATHS[sdk=macosx*]" = "@executable_path/../Frameworks";
				MACOSX_DEPLOYMENT_TARGET = 14.0;
				MARKETING_VERSION = 1.0;
				PRODUCT_BUNDLE_IDENTIFIER = com.joshrootdev.TaskMaster;
				PRODUCT_NAME = "$(TARGET_NAME)";
				SDKROOT = auto;
				SUPPORTED_PLATFORMS = "iphoneos iphonesimulator macosx";
				SWIFT_EMIT_LOC_STRINGS = YES;
				SWIFT_VERSION = 5.0;
				TARGETED_DEVICE_FAMILY = "1,2";
			};
			name = Debug;
		};
		034718822B20A239009A0EFA /* Release */ = {
			isa = XCBuildConfiguration;
			buildSettings = {
				ASSETCATALOG_COMPILER_APPICON_NAME = AppIcon;
				ASSETCATALOG_COMPILER_GLOBAL_ACCENT_COLOR_NAME = AccentColor;
				CODE_SIGN_ENTITLEMENTS = TaskMaster/TaskMaster.entitlements;
				CODE_SIGN_STYLE = Automatic;
				CURRENT_PROJECT_VERSION = 1;
				DEVELOPMENT_ASSET_PATHS = "\"TaskMaster/Preview Content\"";
				DEVELOPMENT_TEAM = B3NH98QL9A;
				ENABLE_HARDENED_RUNTIME = YES;
				ENABLE_PREVIEWS = YES;
				GENERATE_INFOPLIST_FILE = YES;
				"INFOPLIST_KEY_UIApplicationSceneManifest_Generation[sdk=iphoneos*]" = YES;
				"INFOPLIST_KEY_UIApplicationSceneManifest_Generation[sdk=iphonesimulator*]" = YES;
				"INFOPLIST_KEY_UIApplicationSupportsIndirectInputEvents[sdk=iphoneos*]" = YES;
				"INFOPLIST_KEY_UIApplicationSupportsIndirectInputEvents[sdk=iphonesimulator*]" = YES;
				"INFOPLIST_KEY_UILaunchScreen_Generation[sdk=iphoneos*]" = YES;
				"INFOPLIST_KEY_UILaunchScreen_Generation[sdk=iphonesimulator*]" = YES;
				"INFOPLIST_KEY_UIStatusBarStyle[sdk=iphoneos*]" = UIStatusBarStyleDefault;
				"INFOPLIST_KEY_UIStatusBarStyle[sdk=iphonesimulator*]" = UIStatusBarStyleDefault;
				INFOPLIST_KEY_UISupportedInterfaceOrientations_iPad = "UIInterfaceOrientationPortrait UIInterfaceOrientationPortraitUpsideDown UIInterfaceOrientationLandscapeLeft UIInterfaceOrientationLandscapeRight";
				INFOPLIST_KEY_UISupportedInterfaceOrientations_iPhone = "UIInterfaceOrientationPortrait UIInterfaceOrientationLandscapeLeft UIInterfaceOrientationLandscapeRight";
				IPHONEOS_DEPLOYMENT_TARGET = 17.0;
				LD_RUNPATH_SEARCH_PATHS = "@executable_path/Frameworks";
				"LD_RUNPATH_SEARCH_PATHS[sdk=macosx*]" = "@executable_path/../Frameworks";
				MACOSX_DEPLOYMENT_TARGET = 14.0;
				MARKETING_VERSION = 1.0;
				PRODUCT_BUNDLE_IDENTIFIER = com.joshrootdev.TaskMaster;
				PRODUCT_NAME = "$(TARGET_NAME)";
				SDKROOT = auto;
				SUPPORTED_PLATFORMS = "iphoneos iphonesimulator macosx";
				SWIFT_EMIT_LOC_STRINGS = YES;
				SWIFT_VERSION = 5.0;
				TARGETED_DEVICE_FAMILY = "1,2";
			};
			name = Release;
		};
/* End XCBuildConfiguration section */

/* Begin XCConfigurationList section */
		0347186A2B20A238009A0EFA /* Build configuration list for PBXProject "TaskMaster" */ = {
			isa = XCConfigurationList;
			buildConfigurations = (
				0347187E2B20A239009A0EFA /* Debug */,
				0347187F2B20A239009A0EFA /* Release */,
			);
			defaultConfigurationIsVisible = 0;
			defaultConfigurationName = Release;
		};
		034718802B20A239009A0EFA /* Build configuration list for PBXNativeTarget "TaskMaster" */ = {
			isa = XCConfigurationList;
			buildConfigurations = (
				034718812B20A239009A0EFA /* Debug */,
				034718822B20A239009A0EFA /* Release */,
			);
			defaultConfigurationIsVisible = 0;
			defaultConfigurationName = Release;
		};
/* End XCConfigurationList section */
	};
	rootObject = 034718672B20A238009A0EFA /* Project object */;
}
